
Microsoft Visual Studio Solution File, Format Version 12.00
# Visual Studio 2013
VisualStudioVersion = 12.0.31101.0
MinimumVisualStudioVersion = 10.0.40219.1
Project("{FAE04EC0-301F-11D3-BF4B-00C04F79EFBC}") = "Lib", "Lib\Lib.csproj", "{F9F5DAAB-4478-4B34-8EE8-3003CCD0C192}"
EndProject
Project("{FAE04EC0-301F-11D3-BF4B-00C04F79EFBC}") = "UnitTests", "UnitTests\UnitTests.csproj", "{3CE5D63C-F843-461F-A7FC-149FEC7D8304}"
EndProject
Global
	GlobalSection(SolutionConfigurationPlatforms) = preSolution
		Debug|Any CPU = Debug|Any CPU
		Release|Any CPU = Release|Any CPU
	EndGlobalSection
	GlobalSection(ProjectConfigurationPlatforms) = postSolution
		{F9F5DAAB-4478-4B34-8EE8-3003CCD0C192}.Debug|Any CPU.ActiveCfg = Debug|Any CPU
		{F9F5DAAB-4478-4B34-8EE8-3003CCD0C192}.Debug|Any CPU.Build.0 = Debug|Any CPU
		{F9F5DAAB-4478-4B34-8EE8-3003CCD0C192}.Release|Any CPU.ActiveCfg = Release|Any CPU
		{F9F5DAAB-4478-4B34-8EE8-3003CCD0C192}.Release|Any CPU.Build.0 = Release|Any CPU
		{3CE5D63C-F843-461F-A7FC-149FEC7D8304}.Debug|Any CPU.ActiveCfg = Debug|Any CPU
		{3CE5D63C-F843-461F-A7FC-149FEC7D8304}.Debug|Any CPU.Build.0 = Debug|Any CPU
		{3CE5D63C-F843-461F-A7FC-149FEC7D8304}.Release|Any CPU.ActiveCfg = Release|Any CPU
		{3CE5D63C-F843-461F-A7FC-149FEC7D8304}.Release|Any CPU.Build.0 = Release|Any CPU
	EndGlobalSection
	GlobalSection(SolutionProperties) = preSolution
		HideSolutionNode = FALSE
	EndGlobalSection
EndGlobal
